
Microsoft Visual Studio Solution File, Format Version 12.00
# Visual Studio Version 16
VisualStudioVersion = 16.0.32510.428
MinimumVisualStudioVersion = 10.0.40219.1
Project("{FAE04EC0-301F-11D3-BF4B-00C04F79EFBC}") = "KiemTra_NguyenVanQuang_1911062079", "KiemTra_NguyenVanQuang_1911062079\KiemTra_NguyenVanQuang_1911062079.csproj", "{DEAA3D9F-8394-4775-B59F-2716B1CFCB75}"
EndProject
Global
	GlobalSection(SolutionConfigurationPlatforms) = preSolution
		Debug|Any CPU = Debug|Any CPU
		Release|Any CPU = Release|Any CPU
	EndGlobalSection
	GlobalSection(ProjectConfigurationPlatforms) = postSolution
		{DEAA3D9F-8394-4775-B59F-2716B1CFCB75}.Debug|Any CPU.ActiveCfg = Debug|Any CPU
		{DEAA3D9F-8394-4775-B59F-2716B1CFCB75}.Debug|Any CPU.Build.0 = Debug|Any CPU
		{DEAA3D9F-8394-4775-B59F-2716B1CFCB75}.Release|Any CPU.ActiveCfg = Release|Any CPU
		{DEAA3D9F-8394-4775-B59F-2716B1CFCB75}.Release|Any CPU.Build.0 = Release|Any CPU
	EndGlobalSection
	GlobalSection(SolutionProperties) = preSolution
		HideSolutionNode = FALSE
	EndGlobalSection
	GlobalSection(ExtensibilityGlobals) = postSolution
		SolutionGuid = {2604FCCB-332B-443B-9810-8F43F8272D73}
	EndGlobalSection
EndGlobal
